
Microsoft Visual Studio Solution File, Format Version 12.00
# Visual Studio Version 16
VisualStudioVersion = 16.0.29215.179
MinimumVisualStudioVersion = 10.0.40219.1
Project("{FAE04EC0-301F-11D3-BF4B-00C04F79EFBC}") = "E3.ReactorManager.DataAbstractionLayer", "E3.ReactorManager.DataAbstractionLayer\E3.ReactorManager.DataAbstractionLayer.csproj", "{B80F2ECA-8DED-4C50-900E-FAB60677D210}"
EndProject
Project("{FAE04EC0-301F-11D3-BF4B-00C04F79EFBC}") = "E3.ReactorManager.DataAccessHandler", "E3.ReactorManager.DataAccessHandler\E3.ReactorManager.DataAccessHandler.csproj", "{1E93468B-7230-4FC3-BC2E-9B039232AFD8}"
EndProject
Project("{FAE04EC0-301F-11D3-BF4B-00C04F79EFBC}") = "E3.ReactorManager.Framework", "E3.ReactorManager.Framework\E3.ReactorManager.Framework.csproj", "{715C3551-6D5D-4140-AB98-5302729BEC11}"
EndProject
Project("{FAE04EC0-301F-11D3-BF4B-00C04F79EFBC}") = "E3.ReactorManager.HardwareAbstractionLayer", "E3.ReactorManager.HardwareAbstractionLayer\E3.ReactorManager.HardwareAbstractionLayer.csproj", "{7023A6F0-ED0F-4DBC-A60F-A438D9CEB32F}"
EndProject
Project("{FAE04EC0-301F-11D3-BF4B-00C04F79EFBC}") = "E3.ReactorManager.Interfaces", "E3.ReactorManager.Interfaces\E3.ReactorManager.Interfaces.csproj", "{620C94FE-D355-4801-92B0-F86D1B08FB02}"
EndProject
Project("{FAE04EC0-301F-11D3-BF4B-00C04F79EFBC}") = "E3.ReactorManager.ReportsManager", "E3.ReactorManager.ReportsManager\E3.ReactorManager.ReportsManager.csproj", "{D7C4E8DC-BBEF-40D0-A852-434C3E843B45}"
EndProject
Project("{FAE04EC0-301F-11D3-BF4B-00C04F79EFBC}") = "E3.TrendsManager", "E3.TrendsManager\E3.TrendsManager.csproj", "{32B42DCC-7CA0-4799-BA97-6B106557416E}"
EndProject
Project("{FAE04EC0-301F-11D3-BF4B-00C04F79EFBC}") = "E3Tech.RecipeBuilding", "E3Tech.RecipeBuilding\E3Tech.RecipeBuilding.csproj", "{D38F63A2-4A12-4564-8130-A17A85693A56}"
EndProject
Project("{FAE04EC0-301F-11D3-BF4B-00C04F79EFBC}") = "E3Tech.IO.FileAccess", "E3Tech.IO.FileAccess\E3Tech.IO.FileAccess.csproj", "{038C353E-942A-4863-A0B3-6CEC7DBA0A56}"
EndProject
Project("{FAE04EC0-301F-11D3-BF4B-00C04F79EFBC}") = "Anthem.Shell", "Anthem.Shell\Anthem.Shell.csproj", "{1904F8B6-85A9-4315-A347-C34AD1E9EA0C}"
EndProject
Project("{FAE04EC0-301F-11D3-BF4B-00C04F79EFBC}") = "Anthem.Ui", "Anthem.Ui\Anthem.Ui.csproj", "{3D8E3E62-892D-42B3-8A50-45A05FA4C534}"
EndProject
Project("{54435603-DBB4-11D2-8724-00A0C9A8B90C}") = "Anthem.Installer", "Anthem.Installer\Anathem.Installer.vdproj", "{1D13A546-F1E1-49D6-A255-DC8518C60F43}"
EndProject
Project("{FAE04EC0-301F-11D3-BF4B-00C04F79EFBC}") = "E3Tech.Navigation", "E3Tech.Navigation\E3Tech.Navigation.csproj", "{DC50D873-ADE1-45CA-9F70-D310709EC32B}"
EndProject
Project("{FAE04EC0-301F-11D3-BF4B-00C04F79EFBC}") = "E3.DialogServices", "E3.DialogServices\E3.DialogServices.csproj", "{558DC6A5-A076-4AB4-A001-AAC1A77D5D1C}"
EndProject
Project("{FAE04EC0-301F-11D3-BF4B-00C04F79EFBC}") = "E3.UserManager", "E3.UserManager\E3.UserManager.csproj", "{69AC2A36-9A64-4F29-ADFE-3595248EABF8}"
EndProject
Project("{FAE04EC0-301F-11D3-BF4B-00C04F79EFBC}") = "E3.Mediator", "E3.Mediator\E3.Mediator.csproj", "{72ADF709-4940-46A3-9121-1B7A7ABAA2C1}"
EndProject
Project("{FAE04EC0-301F-11D3-BF4B-00C04F79EFBC}") = "E3.AuditTrailManager", "E3.AuditTrailManager\E3.AuditTrailManager.csproj", "{6A75F5A4-114D-4763-BF18-C81ABC3D7FE5}"
EndProject
Project("{FAE04EC0-301F-11D3-BF4B-00C04F79EFBC}") = "E3.ActivityMonitor", "E3.ActivityMonitor\E3.ActivityMonitor.csproj", "{D5D8E076-E10B-45DF-B7DB-E229FD323687}"
EndProject
Project("{FAE04EC0-301F-11D3-BF4B-00C04F79EFBC}") = "E3.ReactorManager.DesignExperiment", "E3.ReactorManager.DesignExperiment\E3.ReactorManager.DesignExperiment.csproj", "{9079B332-6E6E-412C-9153-895A4DB989D3}"
EndProject
Global
	GlobalSection(SolutionConfigurationPlatforms) = preSolution
		Debug|Any CPU = Debug|Any CPU
		Debug|x64 = Debug|x64
		Debug|x86 = Debug|x86
		Release 4.0|Any CPU = Release 4.0|Any CPU
		Release 4.0|x64 = Release 4.0|x64
		Release 4.0|x86 = Release 4.0|x86
		Release 4.5|Any CPU = Release 4.5|Any CPU
		Release 4.5|x64 = Release 4.5|x64
		Release 4.5|x86 = Release 4.5|x86
		Release 4.6.1|Any CPU = Release 4.6.1|Any CPU
		Release 4.6.1|x64 = Release 4.6.1|x64
		Release 4.6.1|x86 = Release 4.6.1|x86
		Release|Any CPU = Release|Any CPU
		Release|x64 = Release|x64
		Release|x86 = Release|x86
	EndGlobalSection
	GlobalSection(ProjectConfigurationPlatforms) = postSolution
		{B80F2ECA-8DED-4C50-900E-FAB60677D210}.Debug|Any CPU.ActiveCfg = Debug|Any CPU
		{B80F2ECA-8DED-4C50-900E-FAB60677D210}.Debug|Any CPU.Build.0 = Debug|Any CPU
		{B80F2ECA-8DED-4C50-900E-FAB60677D210}.Debug|x64.ActiveCfg = Debug|Any CPU
		{B80F2ECA-8DED-4C50-900E-FAB60677D210}.Debug|x64.Build.0 = Debug|Any CPU
		{B80F2ECA-8DED-4C50-900E-FAB60677D210}.Debug|x86.ActiveCfg = Debug|Any CPU
		{B80F2ECA-8DED-4C50-900E-FAB60677D210}.Debug|x86.Build.0 = Debug|Any CPU
		{B80F2ECA-8DED-4C50-900E-FAB60677D210}.Release 4.0|Any CPU.ActiveCfg = Release|Any CPU
		{B80F2ECA-8DED-4C50-900E-FAB60677D210}.Release 4.0|Any CPU.Build.0 = Release|Any CPU
		{B80F2ECA-8DED-4C50-900E-FAB60677D210}.Release 4.0|x64.ActiveCfg = Release|Any CPU
		{B80F2ECA-8DED-4C50-900E-FAB60677D210}.Release 4.0|x64.Build.0 = Release|Any CPU
		{B80F2ECA-8DED-4C50-900E-FAB60677D210}.Release 4.0|x86.ActiveCfg = Release|Any CPU
		{B80F2ECA-8DED-4C50-900E-FAB60677D210}.Release 4.0|x86.Build.0 = Release|Any CPU
		{B80F2ECA-8DED-4C50-900E-FAB60677D210}.Release 4.5|Any CPU.ActiveCfg = Release|Any CPU
		{B80F2ECA-8DED-4C50-900E-FAB60677D210}.Release 4.5|Any CPU.Build.0 = Release|Any CPU
		{B80F2ECA-8DED-4C50-900E-FAB60677D210}.Release 4.5|x64.ActiveCfg = Release|Any CPU
		{B80F2ECA-8DED-4C50-900E-FAB60677D210}.Release 4.5|x64.Build.0 = Release|Any CPU
		{B80F2ECA-8DED-4C50-900E-FAB60677D210}.Release 4.5|x86.ActiveCfg = Release|Any CPU
		{B80F2ECA-8DED-4C50-900E-FAB60677D210}.Release 4.5|x86.Build.0 = Release|Any CPU
		{B80F2ECA-8DED-4C50-900E-FAB60677D210}.Release 4.6.1|Any CPU.ActiveCfg = Release|Any CPU
		{B80F2ECA-8DED-4C50-900E-FAB60677D210}.Release 4.6.1|Any CPU.Build.0 = Release|Any CPU
		{B80F2ECA-8DED-4C50-900E-FAB60677D210}.Release 4.6.1|x64.ActiveCfg = Release|Any CPU
		{B80F2ECA-8DED-4C50-900E-FAB60677D210}.Release 4.6.1|x64.Build.0 = Release|Any CPU
		{B80F2ECA-8DED-4C50-900E-FAB60677D210}.Release 4.6.1|x86.ActiveCfg = Release|Any CPU
		{B80F2ECA-8DED-4C50-900E-FAB60677D210}.Release 4.6.1|x86.Build.0 = Release|Any CPU
		{B80F2ECA-8DED-4C50-900E-FAB60677D210}.Release|Any CPU.ActiveCfg = Release|Any CPU
		{B80F2ECA-8DED-4C50-900E-FAB60677D210}.Release|Any CPU.Build.0 = Release|Any CPU
		{B80F2ECA-8DED-4C50-900E-FAB60677D210}.Release|x64.ActiveCfg = Release|Any CPU
		{B80F2ECA-8DED-4C50-900E-FAB60677D210}.Release|x64.Build.0 = Release|Any CPU
		{B80F2ECA-8DED-4C50-900E-FAB60677D210}.Release|x86.ActiveCfg = Release|Any CPU
		{B80F2ECA-8DED-4C50-900E-FAB60677D210}.Release|x86.Build.0 = Release|Any CPU
		{1E93468B-7230-4FC3-BC2E-9B039232AFD8}.Debug|Any CPU.ActiveCfg = Debug|Any CPU
		{1E93468B-7230-4FC3-BC2E-9B039232AFD8}.Debug|Any CPU.Build.0 = Debug|Any CPU
		{1E93468B-7230-4FC3-BC2E-9B039232AFD8}.Debug|x64.ActiveCfg = Debug|Any CPU
		{1E93468B-7230-4FC3-BC2E-9B039232AFD8}.Debug|x64.Build.0 = Debug|Any CPU
		{1E93468B-7230-4FC3-BC2E-9B039232AFD8}.Debug|x86.ActiveCfg = Debug|Any CPU
		{1E93468B-7230-4FC3-BC2E-9B039232AFD8}.Debug|x86.Build.0 = Debug|Any CPU
		{1E93468B-7230-4FC3-BC2E-9B039232AFD8}.Release 4.0|Any CPU.ActiveCfg = Release|Any CPU
		{1E93468B-7230-4FC3-BC2E-9B039232AFD8}.Release 4.0|Any CPU.Build.0 = Release|Any CPU
		{1E93468B-7230-4FC3-BC2E-9B039232AFD8}.Release 4.0|x64.ActiveCfg = Release|Any CPU
		{1E93468B-7230-4FC3-BC2E-9B039232AFD8}.Release 4.0|x64.Build.0 = Release|Any CPU
		{1E93468B-7230-4FC3-BC2E-9B039232AFD8}.Release 4.0|x86.ActiveCfg = Release|Any CPU
		{1E93468B-7230-4FC3-BC2E-9B039232AFD8}.Release 4.0|x86.Build.0 = Release|Any CPU
		{1E93468B-7230-4FC3-BC2E-9B039232AFD8}.Release 4.5|Any CPU.ActiveCfg = Release|Any CPU
		{1E93468B-7230-4FC3-BC2E-9B039232AFD8}.Release 4.5|Any CPU.Build.0 = Release|Any CPU
		{1E93468B-7230-4FC3-BC2E-9B039232AFD8}.Release 4.5|x64.ActiveCfg = Release|Any CPU
		{1E93468B-7230-4FC3-BC2E-9B039232AFD8}.Release 4.5|x64.Build.0 = Release|Any CPU
		{1E93468B-7230-4FC3-BC2E-9B039232AFD8}.Release 4.5|x86.ActiveCfg = Release|Any CPU
		{1E93468B-7230-4FC3-BC2E-9B039232AFD8}.Release 4.5|x86.Build.0 = Release|Any CPU
		{1E93468B-7230-4FC3-BC2E-9B039232AFD8}.Release 4.6.1|Any CPU.ActiveCfg = Release|Any CPU
		{1E93468B-7230-4FC3-BC2E-9B039232AFD8}.Release 4.6.1|Any CPU.Build.0 = Release|Any CPU
		{1E93468B-7230-4FC3-BC2E-9B039232AFD8}.Release 4.6.1|x64.ActiveCfg = Release|Any CPU
		{1E93468B-7230-4FC3-BC2E-9B039232AFD8}.Release 4.6.1|x64.Build.0 = Release|Any CPU
		{1E93468B-7230-4FC3-BC2E-9B039232AFD8}.Release 4.6.1|x86.ActiveCfg = Release|Any CPU
		{1E93468B-7230-4FC3-BC2E-9B039232AFD8}.Release 4.6.1|x86.Build.0 = Release|Any CPU
		{1E93468B-7230-4FC3-BC2E-9B039232AFD8}.Release|Any CPU.ActiveCfg = Release|Any CPU
		{1E93468B-7230-4FC3-BC2E-9B039232AFD8}.Release|Any CPU.Build.0 = Release|Any CPU
		{1E93468B-7230-4FC3-BC2E-9B039232AFD8}.Release|x64.ActiveCfg = Release|Any CPU
		{1E93468B-7230-4FC3-BC2E-9B039232AFD8}.Release|x64.Build.0 = Release|Any CPU
		{1E93468B-7230-4FC3-BC2E-9B039232AFD8}.Release|x86.ActiveCfg = Release|Any CPU
		{1E93468B-7230-4FC3-BC2E-9B039232AFD8}.Release|x86.Build.0 = Release|Any CPU
		{715C3551-6D5D-4140-AB98-5302729BEC11}.Debug|Any CPU.ActiveCfg = Debug|Any CPU
		{715C3551-6D5D-4140-AB98-5302729BEC11}.Debug|Any CPU.Build.0 = Debug|Any CPU
		{715C3551-6D5D-4140-AB98-5302729BEC11}.Debug|x64.ActiveCfg = Debug|Any CPU
		{715C3551-6D5D-4140-AB98-5302729BEC11}.Debug|x64.Build.0 = Debug|Any CPU
		{715C3551-6D5D-4140-AB98-5302729BEC11}.Debug|x86.ActiveCfg = Debug|Any CPU
		{715C3551-6D5D-4140-AB98-5302729BEC11}.Debug|x86.Build.0 = Debug|Any CPU
		{715C3551-6D5D-4140-AB98-5302729BEC11}.Release 4.0|Any CPU.ActiveCfg = Release|Any CPU
		{715C3551-6D5D-4140-AB98-5302729BEC11}.Release 4.0|Any CPU.Build.0 = Release|Any CPU
		{715C3551-6D5D-4140-AB98-5302729BEC11}.Release 4.0|x64.ActiveCfg = Release|Any CPU
		{715C3551-6D5D-4140-AB98-5302729BEC11}.Release 4.0|x64.Build.0 = Release|Any CPU
		{715C3551-6D5D-4140-AB98-5302729BEC11}.Release 4.0|x86.ActiveCfg = Release|Any CPU
		{715C3551-6D5D-4140-AB98-5302729BEC11}.Release 4.0|x86.Build.0 = Release|Any CPU
		{715C3551-6D5D-4140-AB98-5302729BEC11}.Release 4.5|Any CPU.ActiveCfg = Release|Any CPU
		{715C3551-6D5D-4140-AB98-5302729BEC11}.Release 4.5|Any CPU.Build.0 = Release|Any CPU
		{715C3551-6D5D-4140-AB98-5302729BEC11}.Release 4.5|x64.ActiveCfg = Release|Any CPU
		{715C3551-6D5D-4140-AB98-5302729BEC11}.Release 4.5|x64.Build.0 = Release|Any CPU
		{715C3551-6D5D-4140-AB98-5302729BEC11}.Release 4.5|x86.ActiveCfg = Release|Any CPU
		{715C3551-6D5D-4140-AB98-5302729BEC11}.Release 4.5|x86.Build.0 = Release|Any CPU
		{715C3551-6D5D-4140-AB98-5302729BEC11}.Release 4.6.1|Any CPU.ActiveCfg = Release|Any CPU
		{715C3551-6D5D-4140-AB98-5302729BEC11}.Release 4.6.1|Any CPU.Build.0 = Release|Any CPU
		{715C3551-6D5D-4140-AB98-5302729BEC11}.Release 4.6.1|x64.ActiveCfg = Release|Any CPU
		{715C3551-6D5D-4140-AB98-5302729BEC11}.Release 4.6.1|x64.Build.0 = Release|Any CPU
		{715C3551-6D5D-4140-AB98-5302729BEC11}.Release 4.6.1|x86.ActiveCfg = Release|Any CPU
		{715C3551-6D5D-4140-AB98-5302729BEC11}.Release 4.6.1|x86.Build.0 = Release|Any CPU
		{715C3551-6D5D-4140-AB98-5302729BEC11}.Release|Any CPU.ActiveCfg = Release|Any CPU
		{715C3551-6D5D-4140-AB98-5302729BEC11}.Release|Any CPU.Build.0 = Release|Any CPU
		{715C3551-6D5D-4140-AB98-5302729BEC11}.Release|x64.ActiveCfg = Release|Any CPU
		{715C3551-6D5D-4140-AB98-5302729BEC11}.Release|x64.Build.0 = Release|Any CPU
		{715C3551-6D5D-4140-AB98-5302729BEC11}.Release|x86.ActiveCfg = Release|Any CPU
		{715C3551-6D5D-4140-AB98-5302729BEC11}.Release|x86.Build.0 = Release|Any CPU
		{7023A6F0-ED0F-4DBC-A60F-A438D9CEB32F}.Debug|Any CPU.ActiveCfg = Debug|Any CPU
		{7023A6F0-ED0F-4DBC-A60F-A438D9CEB32F}.Debug|Any CPU.Build.0 = Debug|Any CPU
		{7023A6F0-ED0F-4DBC-A60F-A438D9CEB32F}.Debug|x64.ActiveCfg = Debug|Any CPU
		{7023A6F0-ED0F-4DBC-A60F-A438D9CEB32F}.Debug|x64.Build.0 = Debug|Any CPU
		{7023A6F0-ED0F-4DBC-A60F-A438D9CEB32F}.Debug|x86.ActiveCfg = Debug|Any CPU
		{7023A6F0-ED0F-4DBC-A60F-A438D9CEB32F}.Debug|x86.Build.0 = Debug|Any CPU
		{7023A6F0-ED0F-4DBC-A60F-A438D9CEB32F}.Release 4.0|Any CPU.ActiveCfg = Release|Any CPU
		{7023A6F0-ED0F-4DBC-A60F-A438D9CEB32F}.Release 4.0|Any CPU.Build.0 = Release|Any CPU
		{7023A6F0-ED0F-4DBC-A60F-A438D9CEB32F}.Release 4.0|x64.ActiveCfg = Release|Any CPU
		{7023A6F0-ED0F-4DBC-A60F-A438D9CEB32F}.Release 4.0|x64.Build.0 = Release|Any CPU
		{7023A6F0-ED0F-4DBC-A60F-A438D9CEB32F}.Release 4.0|x86.ActiveCfg = Release|Any CPU
		{7023A6F0-ED0F-4DBC-A60F-A438D9CEB32F}.Release 4.0|x86.Build.0 = Release|Any CPU
		{7023A6F0-ED0F-4DBC-A60F-A438D9CEB32F}.Release 4.5|Any CPU.ActiveCfg = Release|Any CPU
		{7023A6F0-ED0F-4DBC-A60F-A438D9CEB32F}.Release 4.5|Any CPU.Build.0 = Release|Any CPU
		{7023A6F0-ED0F-4DBC-A60F-A438D9CEB32F}.Release 4.5|x64.ActiveCfg = Release|Any CPU
		{7023A6F0-ED0F-4DBC-A60F-A438D9CEB32F}.Release 4.5|x64.Build.0 = Release|Any CPU
		{7023A6F0-ED0F-4DBC-A60F-A438D9CEB32F}.Release 4.5|x86.ActiveCfg = Release|Any CPU
		{7023A6F0-ED0F-4DBC-A60F-A438D9CEB32F}.Release 4.5|x86.Build.0 = Release|Any CPU
		{7023A6F0-ED0F-4DBC-A60F-A438D9CEB32F}.Release 4.6.1|Any CPU.ActiveCfg = Release|Any CPU
		{7023A6F0-ED0F-4DBC-A60F-A438D9CEB32F}.Release 4.6.1|Any CPU.Build.0 = Release|Any CPU
		{7023A6F0-ED0F-4DBC-A60F-A438D9CEB32F}.Release 4.6.1|x64.ActiveCfg = Release|Any CPU
		{7023A6F0-ED0F-4DBC-A60F-A438D9CEB32F}.Release 4.6.1|x64.Build.0 = Release|Any CPU
		{7023A6F0-ED0F-4DBC-A60F-A438D9CEB32F}.Release 4.6.1|x86.ActiveCfg = Release|Any CPU
		{7023A6F0-ED0F-4DBC-A60F-A438D9CEB32F}.Release 4.6.1|x86.Build.0 = Release|Any CPU
		{7023A6F0-ED0F-4DBC-A60F-A438D9CEB32F}.Release|Any CPU.ActiveCfg = Release|Any CPU
		{7023A6F0-ED0F-4DBC-A60F-A438D9CEB32F}.Release|Any CPU.Build.0 = Release|Any CPU
		{7023A6F0-ED0F-4DBC-A60F-A438D9CEB32F}.Release|x64.ActiveCfg = Release|Any CPU
		{7023A6F0-ED0F-4DBC-A60F-A438D9CEB32F}.Release|x64.Build.0 = Release|Any CPU
		{7023A6F0-ED0F-4DBC-A60F-A438D9CEB32F}.Release|x86.ActiveCfg = Release|Any CPU
		{7023A6F0-ED0F-4DBC-A60F-A438D9CEB32F}.Release|x86.Build.0 = Release|Any CPU
		{620C94FE-D355-4801-92B0-F86D1B08FB02}.Debug|Any CPU.ActiveCfg = Debug|Any CPU
		{620C94FE-D355-4801-92B0-F86D1B08FB02}.Debug|Any CPU.Build.0 = Debug|Any CPU
		{620C94FE-D355-4801-92B0-F86D1B08FB02}.Debug|x64.ActiveCfg = Debug|Any CPU
		{620C94FE-D355-4801-92B0-F86D1B08FB02}.Debug|x64.Build.0 = Debug|Any CPU
		{620C94FE-D355-4801-92B0-F86D1B08FB02}.Debug|x86.ActiveCfg = Debug|Any CPU
		{620C94FE-D355-4801-92B0-F86D1B08FB02}.Debug|x86.Build.0 = Debug|Any CPU
		{620C94FE-D355-4801-92B0-F86D1B08FB02}.Release 4.0|Any CPU.ActiveCfg = Release|Any CPU
		{620C94FE-D355-4801-92B0-F86D1B08FB02}.Release 4.0|Any CPU.Build.0 = Release|Any CPU
		{620C94FE-D355-4801-92B0-F86D1B08FB02}.Release 4.0|x64.ActiveCfg = Release|Any CPU
		{620C94FE-D355-4801-92B0-F86D1B08FB02}.Release 4.0|x64.Build.0 = Release|Any CPU
		{620C94FE-D355-4801-92B0-F86D1B08FB02}.Release 4.0|x86.ActiveCfg = Release|Any CPU
		{620C94FE-D355-4801-92B0-F86D1B08FB02}.Release 4.0|x86.Build.0 = Release|Any CPU
		{620C94FE-D355-4801-92B0-F86D1B08FB02}.Release 4.5|Any CPU.ActiveCfg = Release|Any CPU
		{620C94FE-D355-4801-92B0-F86D1B08FB02}.Release 4.5|Any CPU.Build.0 = Release|Any CPU
		{620C94FE-D355-4801-92B0-F86D1B08FB02}.Release 4.5|x64.ActiveCfg = Release|Any CPU
		{620C94FE-D355-4801-92B0-F86D1B08FB02}.Release 4.5|x64.Build.0 = Release|Any CPU
		{620C94FE-D355-4801-92B0-F86D1B08FB02}.Release 4.5|x86.ActiveCfg = Release|Any CPU
		{620C94FE-D355-4801-92B0-F86D1B08FB02}.Release 4.5|x86.Build.0 = Release|Any CPU
		{620C94FE-D355-4801-92B0-F86D1B08FB02}.Release 4.6.1|Any CPU.ActiveCfg = Release|Any CPU
		{620C94FE-D355-4801-92B0-F86D1B08FB02}.Release 4.6.1|Any CPU.Build.0 = Release|Any CPU
		{620C94FE-D355-4801-92B0-F86D1B08FB02}.Release 4.6.1|x64.ActiveCfg = Release|Any CPU
		{620C94FE-D355-4801-92B0-F86D1B08FB02}.Release 4.6.1|x64.Build.0 = Release|Any CPU
		{620C94FE-D355-4801-92B0-F86D1B08FB02}.Release 4.6.1|x86.ActiveCfg = Release|Any CPU
		{620C94FE-D355-4801-92B0-F86D1B08FB02}.Release 4.6.1|x86.Build.0 = Release|Any CPU
		{620C94FE-D355-4801-92B0-F86D1B08FB02}.Release|Any CPU.ActiveCfg = Release|Any CPU
		{620C94FE-D355-4801-92B0-F86D1B08FB02}.Release|Any CPU.Build.0 = Release|Any CPU
		{620C94FE-D355-4801-92B0-F86D1B08FB02}.Release|x64.ActiveCfg = Release|Any CPU
		{620C94FE-D355-4801-92B0-F86D1B08FB02}.Release|x64.Build.0 = Release|Any CPU
		{620C94FE-D355-4801-92B0-F86D1B08FB02}.Release|x86.ActiveCfg = Release|Any CPU
		{620C94FE-D355-4801-92B0-F86D1B08FB02}.Release|x86.Build.0 = Release|Any CPU
		{D7C4E8DC-BBEF-40D0-A852-434C3E843B45}.Debug|Any CPU.ActiveCfg = Debug|Any CPU
		{D7C4E8DC-BBEF-40D0-A852-434C3E843B45}.Debug|Any CPU.Build.0 = Debug|Any CPU
		{D7C4E8DC-BBEF-40D0-A852-434C3E843B45}.Debug|x64.ActiveCfg = Debug|Any CPU
		{D7C4E8DC-BBEF-40D0-A852-434C3E843B45}.Debug|x64.Build.0 = Debug|Any CPU
		{D7C4E8DC-BBEF-40D0-A852-434C3E843B45}.Debug|x86.ActiveCfg = Debug|Any CPU
		{D7C4E8DC-BBEF-40D0-A852-434C3E843B45}.Debug|x86.Build.0 = Debug|Any CPU
		{D7C4E8DC-BBEF-40D0-A852-434C3E843B45}.Release 4.0|Any CPU.ActiveCfg = Release|Any CPU
		{D7C4E8DC-BBEF-40D0-A852-434C3E843B45}.Release 4.0|Any CPU.Build.0 = Release|Any CPU
		{D7C4E8DC-BBEF-40D0-A852-434C3E843B45}.Release 4.0|x64.ActiveCfg = Release|Any CPU
		{D7C4E8DC-BBEF-40D0-A852-434C3E843B45}.Release 4.0|x64.Build.0 = Release|Any CPU
		{D7C4E8DC-BBEF-40D0-A852-434C3E843B45}.Release 4.0|x86.ActiveCfg = Release|Any CPU
		{D7C4E8DC-BBEF-40D0-A852-434C3E843B45}.Release 4.0|x86.Build.0 = Release|Any CPU
		{D7C4E8DC-BBEF-40D0-A852-434C3E843B45}.Release 4.5|Any CPU.ActiveCfg = Release|Any CPU
		{D7C4E8DC-BBEF-40D0-A852-434C3E843B45}.Release 4.5|Any CPU.Build.0 = Release|Any CPU
		{D7C4E8DC-BBEF-40D0-A852-434C3E843B45}.Release 4.5|x64.ActiveCfg = Release|Any CPU
		{D7C4E8DC-BBEF-40D0-A852-434C3E843B45}.Release 4.5|x64.Build.0 = Release|Any CPU
		{D7C4E8DC-BBEF-40D0-A852-434C3E843B45}.Release 4.5|x86.ActiveCfg = Release|Any CPU
		{D7C4E8DC-BBEF-40D0-A852-434C3E843B45}.Release 4.5|x86.Build.0 = Release|Any CPU
		{D7C4E8DC-BBEF-40D0-A852-434C3E843B45}.Release 4.6.1|Any CPU.ActiveCfg = Release|Any CPU
		{D7C4E8DC-BBEF-40D0-A852-434C3E843B45}.Release 4.6.1|Any CPU.Build.0 = Release|Any CPU
		{D7C4E8DC-BBEF-40D0-A852-434C3E843B45}.Release 4.6.1|x64.ActiveCfg = Release|Any CPU
		{D7C4E8DC-BBEF-40D0-A852-434C3E843B45}.Release 4.6.1|x64.Build.0 = Release|Any CPU
		{D7C4E8DC-BBEF-40D0-A852-434C3E843B45}.Release 4.6.1|x86.ActiveCfg = Release|Any CPU
		{D7C4E8DC-BBEF-40D0-A852-434C3E843B45}.Release 4.6.1|x86.Build.0 = Release|Any CPU
		{D7C4E8DC-BBEF-40D0-A852-434C3E843B45}.Release|Any CPU.ActiveCfg = Release|Any CPU
		{D7C4E8DC-BBEF-40D0-A852-434C3E843B45}.Release|Any CPU.Build.0 = Release|Any CPU
		{D7C4E8DC-BBEF-40D0-A852-434C3E843B45}.Release|x64.ActiveCfg = Release|Any CPU
		{D7C4E8DC-BBEF-40D0-A852-434C3E843B45}.Release|x64.Build.0 = Release|Any CPU
		{D7C4E8DC-BBEF-40D0-A852-434C3E843B45}.Release|x86.ActiveCfg = Release|Any CPU
		{D7C4E8DC-BBEF-40D0-A852-434C3E843B45}.Release|x86.Build.0 = Release|Any CPU
		{32B42DCC-7CA0-4799-BA97-6B106557416E}.Debug|Any CPU.ActiveCfg = Debug|Any CPU
		{32B42DCC-7CA0-4799-BA97-6B106557416E}.Debug|Any CPU.Build.0 = Debug|Any CPU
		{32B42DCC-7CA0-4799-BA97-6B106557416E}.Debug|x64.ActiveCfg = Debug|Any CPU
		{32B42DCC-7CA0-4799-BA97-6B106557416E}.Debug|x64.Build.0 = Debug|Any CPU
		{32B42DCC-7CA0-4799-BA97-6B106557416E}.Debug|x86.ActiveCfg = Debug|Any CPU
		{32B42DCC-7CA0-4799-BA97-6B106557416E}.Debug|x86.Build.0 = Debug|Any CPU
		{32B42DCC-7CA0-4799-BA97-6B106557416E}.Release 4.0|Any CPU.ActiveCfg = Release|Any CPU
		{32B42DCC-7CA0-4799-BA97-6B106557416E}.Release 4.0|Any CPU.Build.0 = Release|Any CPU
		{32B42DCC-7CA0-4799-BA97-6B106557416E}.Release 4.0|x64.ActiveCfg = Release|Any CPU
		{32B42DCC-7CA0-4799-BA97-6B106557416E}.Release 4.0|x64.Build.0 = Release|Any CPU
		{32B42DCC-7CA0-4799-BA97-6B106557416E}.Release 4.0|x86.ActiveCfg = Release|Any CPU
		{32B42DCC-7CA0-4799-BA97-6B106557416E}.Release 4.0|x86.Build.0 = Release|Any CPU
		{32B42DCC-7CA0-4799-BA97-6B106557416E}.Release 4.5|Any CPU.ActiveCfg = Release|Any CPU
		{32B42DCC-7CA0-4799-BA97-6B106557416E}.Release 4.5|Any CPU.Build.0 = Release|Any CPU
		{32B42DCC-7CA0-4799-BA97-6B106557416E}.Release 4.5|x64.ActiveCfg = Release|Any CPU
		{32B42DCC-7CA0-4799-BA97-6B106557416E}.Release 4.5|x64.Build.0 = Release|Any CPU
		{32B42DCC-7CA0-4799-BA97-6B106557416E}.Release 4.5|x86.ActiveCfg = Release|Any CPU
		{32B42DCC-7CA0-4799-BA97-6B106557416E}.Release 4.5|x86.Build.0 = Release|Any CPU
		{32B42DCC-7CA0-4799-BA97-6B106557416E}.Release 4.6.1|Any CPU.ActiveCfg = Release|Any CPU
		{32B42DCC-7CA0-4799-BA97-6B106557416E}.Release 4.6.1|Any CPU.Build.0 = Release|Any CPU
		{32B42DCC-7CA0-4799-BA97-6B106557416E}.Release 4.6.1|x64.ActiveCfg = Release|Any CPU
		{32B42DCC-7CA0-4799-BA97-6B106557416E}.Release 4.6.1|x64.Build.0 = Release|Any CPU
		{32B42DCC-7CA0-4799-BA97-6B106557416E}.Release 4.6.1|x86.ActiveCfg = Release|Any CPU
		{32B42DCC-7CA0-4799-BA97-6B106557416E}.Release 4.6.1|x86.Build.0 = Release|Any CPU
		{32B42DCC-7CA0-4799-BA97-6B106557416E}.Release|Any CPU.ActiveCfg = Release|Any CPU
		{32B42DCC-7CA0-4799-BA97-6B106557416E}.Release|Any CPU.Build.0 = Release|Any CPU
		{32B42DCC-7CA0-4799-BA97-6B106557416E}.Release|x64.ActiveCfg = Release|Any CPU
		{32B42DCC-7CA0-4799-BA97-6B106557416E}.Release|x64.Build.0 = Release|Any CPU
		{32B42DCC-7CA0-4799-BA97-6B106557416E}.Release|x86.ActiveCfg = Release|Any CPU
		{32B42DCC-7CA0-4799-BA97-6B106557416E}.Release|x86.Build.0 = Release|Any CPU
		{D38F63A2-4A12-4564-8130-A17A85693A56}.Debug|Any CPU.ActiveCfg = Debug|Any CPU
		{D38F63A2-4A12-4564-8130-A17A85693A56}.Debug|Any CPU.Build.0 = Debug|Any CPU
		{D38F63A2-4A12-4564-8130-A17A85693A56}.Debug|x64.ActiveCfg = Debug|Any CPU
		{D38F63A2-4A12-4564-8130-A17A85693A56}.Debug|x64.Build.0 = Debug|Any CPU
		{D38F63A2-4A12-4564-8130-A17A85693A56}.Debug|x86.ActiveCfg = Debug|Any CPU
		{D38F63A2-4A12-4564-8130-A17A85693A56}.Debug|x86.Build.0 = Debug|Any CPU
		{D38F63A2-4A12-4564-8130-A17A85693A56}.Release 4.0|Any CPU.ActiveCfg = Release|Any CPU
		{D38F63A2-4A12-4564-8130-A17A85693A56}.Release 4.0|Any CPU.Build.0 = Release|Any CPU
		{D38F63A2-4A12-4564-8130-A17A85693A56}.Release 4.0|x64.ActiveCfg = Release|Any CPU
		{D38F63A2-4A12-4564-8130-A17A85693A56}.Release 4.0|x64.Build.0 = Release|Any CPU
		{D38F63A2-4A12-4564-8130-A17A85693A56}.Release 4.0|x86.ActiveCfg = Release|Any CPU
		{D38F63A2-4A12-4564-8130-A17A85693A56}.Release 4.0|x86.Build.0 = Release|Any CPU
		{D38F63A2-4A12-4564-8130-A17A85693A56}.Release 4.5|Any CPU.ActiveCfg = Release|Any CPU
		{D38F63A2-4A12-4564-8130-A17A85693A56}.Release 4.5|Any CPU.Build.0 = Release|Any CPU
		{D38F63A2-4A12-4564-8130-A17A85693A56}.Release 4.5|x64.ActiveCfg = Release|Any CPU
		{D38F63A2-4A12-4564-8130-A17A85693A56}.Release 4.5|x64.Build.0 = Release|Any CPU
		{D38F63A2-4A12-4564-8130-A17A85693A56}.Release 4.5|x86.ActiveCfg = Release|Any CPU
		{D38F63A2-4A12-4564-8130-A17A85693A56}.Release 4.5|x86.Build.0 = Release|Any CPU
		{D38F63A2-4A12-4564-8130-A17A85693A56}.Release 4.6.1|Any CPU.ActiveCfg = Release|Any CPU
		{D38F63A2-4A12-4564-8130-A17A85693A56}.Release 4.6.1|Any CPU.Build.0 = Release|Any CPU
		{D38F63A2-4A12-4564-8130-A17A85693A56}.Release 4.6.1|x64.ActiveCfg = Release|Any CPU
		{D38F63A2-4A12-4564-8130-A17A85693A56}.Release 4.6.1|x64.Build.0 = Release|Any CPU
		{D38F63A2-4A12-4564-8130-A17A85693A56}.Release 4.6.1|x86.ActiveCfg = Release|Any CPU
		{D38F63A2-4A12-4564-8130-A17A85693A56}.Release 4.6.1|x86.Build.0 = Release|Any CPU
		{D38F63A2-4A12-4564-8130-A17A85693A56}.Release|Any CPU.ActiveCfg = Release|Any CPU
		{D38F63A2-4A12-4564-8130-A17A85693A56}.Release|Any CPU.Build.0 = Release|Any CPU
		{D38F63A2-4A12-4564-8130-A17A85693A56}.Release|x64.ActiveCfg = Release|Any CPU
		{D38F63A2-4A12-4564-8130-A17A85693A56}.Release|x64.Build.0 = Release|Any CPU
		{D38F63A2-4A12-4564-8130-A17A85693A56}.Release|x86.ActiveCfg = Release|Any CPU
		{D38F63A2-4A12-4564-8130-A17A85693A56}.Release|x86.Build.0 = Release|Any CPU
		{038C353E-942A-4863-A0B3-6CEC7DBA0A56}.Debug|Any CPU.ActiveCfg = Debug|Any CPU
		{038C353E-942A-4863-A0B3-6CEC7DBA0A56}.Debug|Any CPU.Build.0 = Debug|Any CPU
		{038C353E-942A-4863-A0B3-6CEC7DBA0A56}.Debug|x64.ActiveCfg = Debug|Any CPU
		{038C353E-942A-4863-A0B3-6CEC7DBA0A56}.Debug|x64.Build.0 = Debug|Any CPU
		{038C353E-942A-4863-A0B3-6CEC7DBA0A56}.Debug|x86.ActiveCfg = Debug|Any CPU
		{038C353E-942A-4863-A0B3-6CEC7DBA0A56}.Debug|x86.Build.0 = Debug|Any CPU
		{038C353E-942A-4863-A0B3-6CEC7DBA0A56}.Release 4.0|Any CPU.ActiveCfg = Release|Any CPU
		{038C353E-942A-4863-A0B3-6CEC7DBA0A56}.Release 4.0|Any CPU.Build.0 = Release|Any CPU
		{038C353E-942A-4863-A0B3-6CEC7DBA0A56}.Release 4.0|x64.ActiveCfg = Release|Any CPU
		{038C353E-942A-4863-A0B3-6CEC7DBA0A56}.Release 4.0|x64.Build.0 = Release|Any CPU
		{038C353E-942A-4863-A0B3-6CEC7DBA0A56}.Release 4.0|x86.ActiveCfg = Release|Any CPU
		{038C353E-942A-4863-A0B3-6CEC7DBA0A56}.Release 4.0|x86.Build.0 = Release|Any CPU
		{038C353E-942A-4863-A0B3-6CEC7DBA0A56}.Release 4.5|Any CPU.ActiveCfg = Release|Any CPU
		{038C353E-942A-4863-A0B3-6CEC7DBA0A56}.Release 4.5|Any CPU.Build.0 = Release|Any CPU
		{038C353E-942A-4863-A0B3-6CEC7DBA0A56}.Release 4.5|x64.ActiveCfg = Release|Any CPU
		{038C353E-942A-4863-A0B3-6CEC7DBA0A56}.Release 4.5|x64.Build.0 = Release|Any CPU
		{038C353E-942A-4863-A0B3-6CEC7DBA0A56}.Release 4.5|x86.ActiveCfg = Release|Any CPU
		{038C353E-942A-4863-A0B3-6CEC7DBA0A56}.Release 4.5|x86.Build.0 = Release|Any CPU
		{038C353E-942A-4863-A0B3-6CEC7DBA0A56}.Release 4.6.1|Any CPU.ActiveCfg = Release|Any CPU
		{038C353E-942A-4863-A0B3-6CEC7DBA0A56}.Release 4.6.1|Any CPU.Build.0 = Release|Any CPU
		{038C353E-942A-4863-A0B3-6CEC7DBA0A56}.Release 4.6.1|x64.ActiveCfg = Release|Any CPU
		{038C353E-942A-4863-A0B3-6CEC7DBA0A56}.Release 4.6.1|x64.Build.0 = Release|Any CPU
		{038C353E-942A-4863-A0B3-6CEC7DBA0A56}.Release 4.6.1|x86.ActiveCfg = Release|Any CPU
		{038C353E-942A-4863-A0B3-6CEC7DBA0A56}.Release 4.6.1|x86.Build.0 = Release|Any CPU
		{038C353E-942A-4863-A0B3-6CEC7DBA0A56}.Release|Any CPU.ActiveCfg = Release|Any CPU
		{038C353E-942A-4863-A0B3-6CEC7DBA0A56}.Release|Any CPU.Build.0 = Release|Any CPU
		{038C353E-942A-4863-A0B3-6CEC7DBA0A56}.Release|x64.ActiveCfg = Release|Any CPU
		{038C353E-942A-4863-A0B3-6CEC7DBA0A56}.Release|x64.Build.0 = Release|Any CPU
		{038C353E-942A-4863-A0B3-6CEC7DBA0A56}.Release|x86.ActiveCfg = Release|Any CPU
		{038C353E-942A-4863-A0B3-6CEC7DBA0A56}.Release|x86.Build.0 = Release|Any CPU
		{1904F8B6-85A9-4315-A347-C34AD1E9EA0C}.Debug|Any CPU.ActiveCfg = Debug|Any CPU
		{1904F8B6-85A9-4315-A347-C34AD1E9EA0C}.Debug|Any CPU.Build.0 = Debug|Any CPU
		{1904F8B6-85A9-4315-A347-C34AD1E9EA0C}.Debug|x64.ActiveCfg = Debug|Any CPU
		{1904F8B6-85A9-4315-A347-C34AD1E9EA0C}.Debug|x64.Build.0 = Debug|Any CPU
		{1904F8B6-85A9-4315-A347-C34AD1E9EA0C}.Debug|x86.ActiveCfg = Debug|Any CPU
		{1904F8B6-85A9-4315-A347-C34AD1E9EA0C}.Debug|x86.Build.0 = Debug|Any CPU
		{1904F8B6-85A9-4315-A347-C34AD1E9EA0C}.Release 4.0|Any CPU.ActiveCfg = Release|Any CPU
		{1904F8B6-85A9-4315-A347-C34AD1E9EA0C}.Release 4.0|Any CPU.Build.0 = Release|Any CPU
		{1904F8B6-85A9-4315-A347-C34AD1E9EA0C}.Release 4.0|x64.ActiveCfg = Release|Any CPU
		{1904F8B6-85A9-4315-A347-C34AD1E9EA0C}.Release 4.0|x64.Build.0 = Release|Any CPU
		{1904F8B6-85A9-4315-A347-C34AD1E9EA0C}.Release 4.0|x86.ActiveCfg = Release|Any CPU
		{1904F8B6-85A9-4315-A347-C34AD1E9EA0C}.Release 4.0|x86.Build.0 = Release|Any CPU
		{1904F8B6-85A9-4315-A347-C34AD1E9EA0C}.Release 4.5|Any CPU.ActiveCfg = Release|Any CPU
		{1904F8B6-85A9-4315-A347-C34AD1E9EA0C}.Release 4.5|Any CPU.Build.0 = Release|Any CPU
		{1904F8B6-85A9-4315-A347-C34AD1E9EA0C}.Release 4.5|x64.ActiveCfg = Release|Any CPU
		{1904F8B6-85A9-4315-A347-C34AD1E9EA0C}.Release 4.5|x64.Build.0 = Release|Any CPU
		{1904F8B6-85A9-4315-A347-C34AD1E9EA0C}.Release 4.5|x86.ActiveCfg = Release|Any CPU
		{1904F8B6-85A9-4315-A347-C34AD1E9EA0C}.Release 4.5|x86.Build.0 = Release|Any CPU
		{1904F8B6-85A9-4315-A347-C34AD1E9EA0C}.Release 4.6.1|Any CPU.ActiveCfg = Release|Any CPU
		{1904F8B6-85A9-4315-A347-C34AD1E9EA0C}.Release 4.6.1|Any CPU.Build.0 = Release|Any CPU
		{1904F8B6-85A9-4315-A347-C34AD1E9EA0C}.Release 4.6.1|x64.ActiveCfg = Release|Any CPU
		{1904F8B6-85A9-4315-A347-C34AD1E9EA0C}.Release 4.6.1|x64.Build.0 = Release|Any CPU
		{1904F8B6-85A9-4315-A347-C34AD1E9EA0C}.Release 4.6.1|x86.ActiveCfg = Release|Any CPU
		{1904F8B6-85A9-4315-A347-C34AD1E9EA0C}.Release 4.6.1|x86.Build.0 = Release|Any CPU
		{1904F8B6-85A9-4315-A347-C34AD1E9EA0C}.Release|Any CPU.ActiveCfg = Release|Any CPU
		{1904F8B6-85A9-4315-A347-C34AD1E9EA0C}.Release|Any CPU.Build.0 = Release|Any CPU
		{1904F8B6-85A9-4315-A347-C34AD1E9EA0C}.Release|x64.ActiveCfg = Release|Any CPU
		{1904F8B6-85A9-4315-A347-C34AD1E9EA0C}.Release|x64.Build.0 = Release|Any CPU
		{1904F8B6-85A9-4315-A347-C34AD1E9EA0C}.Release|x86.ActiveCfg = Release|Any CPU
		{1904F8B6-85A9-4315-A347-C34AD1E9EA0C}.Release|x86.Build.0 = Release|Any CPU
		{3D8E3E62-892D-42B3-8A50-45A05FA4C534}.Debug|Any CPU.ActiveCfg = Debug|Any CPU
		{3D8E3E62-892D-42B3-8A50-45A05FA4C534}.Debug|Any CPU.Build.0 = Debug|Any CPU
		{3D8E3E62-892D-42B3-8A50-45A05FA4C534}.Debug|x64.ActiveCfg = Debug|Any CPU
		{3D8E3E62-892D-42B3-8A50-45A05FA4C534}.Debug|x64.Build.0 = Debug|Any CPU
		{3D8E3E62-892D-42B3-8A50-45A05FA4C534}.Debug|x86.ActiveCfg = Debug|Any CPU
		{3D8E3E62-892D-42B3-8A50-45A05FA4C534}.Debug|x86.Build.0 = Debug|Any CPU
		{3D8E3E62-892D-42B3-8A50-45A05FA4C534}.Release 4.0|Any CPU.ActiveCfg = Release|Any CPU
		{3D8E3E62-892D-42B3-8A50-45A05FA4C534}.Release 4.0|Any CPU.Build.0 = Release|Any CPU
		{3D8E3E62-892D-42B3-8A50-45A05FA4C534}.Release 4.0|x64.ActiveCfg = Release|Any CPU
		{3D8E3E62-892D-42B3-8A50-45A05FA4C534}.Release 4.0|x64.Build.0 = Release|Any CPU
		{3D8E3E62-892D-42B3-8A50-45A05FA4C534}.Release 4.0|x86.ActiveCfg = Release|Any CPU
		{3D8E3E62-892D-42B3-8A50-45A05FA4C534}.Release 4.0|x86.Build.0 = Release|Any CPU
		{3D8E3E62-892D-42B3-8A50-45A05FA4C534}.Release 4.5|Any CPU.ActiveCfg = Release|Any CPU
		{3D8E3E62-892D-42B3-8A50-45A05FA4C534}.Release 4.5|Any CPU.Build.0 = Release|Any CPU
		{3D8E3E62-892D-42B3-8A50-45A05FA4C534}.Release 4.5|x64.ActiveCfg = Release|Any CPU
		{3D8E3E62-892D-42B3-8A50-45A05FA4C534}.Release 4.5|x64.Build.0 = Release|Any CPU
		{3D8E3E62-892D-42B3-8A50-45A05FA4C534}.Release 4.5|x86.ActiveCfg = Release|Any CPU
		{3D8E3E62-892D-42B3-8A50-45A05FA4C534}.Release 4.5|x86.Build.0 = Release|Any CPU
		{3D8E3E62-892D-42B3-8A50-45A05FA4C534}.Release 4.6.1|Any CPU.ActiveCfg = Release|Any CPU
		{3D8E3E62-892D-42B3-8A50-45A05FA4C534}.Release 4.6.1|Any CPU.Build.0 = Release|Any CPU
		{3D8E3E62-892D-42B3-8A50-45A05FA4C534}.Release 4.6.1|x64.ActiveCfg = Release|Any CPU
		{3D8E3E62-892D-42B3-8A50-45A05FA4C534}.Release 4.6.1|x64.Build.0 = Release|Any CPU
		{3D8E3E62-892D-42B3-8A50-45A05FA4C534}.Release 4.6.1|x86.ActiveCfg = Release|Any CPU
		{3D8E3E62-892D-42B3-8A50-45A05FA4C534}.Release 4.6.1|x86.Build.0 = Release|Any CPU
		{3D8E3E62-892D-42B3-8A50-45A05FA4C534}.Release|Any CPU.ActiveCfg = Release|Any CPU
		{3D8E3E62-892D-42B3-8A50-45A05FA4C534}.Release|Any CPU.Build.0 = Release|Any CPU
		{3D8E3E62-892D-42B3-8A50-45A05FA4C534}.Release|x64.ActiveCfg = Release|Any CPU
		{3D8E3E62-892D-42B3-8A50-45A05FA4C534}.Release|x64.Build.0 = Release|Any CPU
		{3D8E3E62-892D-42B3-8A50-45A05FA4C534}.Release|x86.ActiveCfg = Release|Any CPU
		{3D8E3E62-892D-42B3-8A50-45A05FA4C534}.Release|x86.Build.0 = Release|Any CPU
		{1D13A546-F1E1-49D6-A255-DC8518C60F43}.Debug|Any CPU.ActiveCfg = Debug
		{1D13A546-F1E1-49D6-A255-DC8518C60F43}.Debug|Any CPU.Build.0 = Debug
		{1D13A546-F1E1-49D6-A255-DC8518C60F43}.Debug|x64.ActiveCfg = Debug
		{1D13A546-F1E1-49D6-A255-DC8518C60F43}.Debug|x64.Build.0 = Debug
		{1D13A546-F1E1-49D6-A255-DC8518C60F43}.Debug|x86.ActiveCfg = Debug
		{1D13A546-F1E1-49D6-A255-DC8518C60F43}.Debug|x86.Build.0 = Debug
		{1D13A546-F1E1-49D6-A255-DC8518C60F43}.Release 4.0|Any CPU.ActiveCfg = Release
		{1D13A546-F1E1-49D6-A255-DC8518C60F43}.Release 4.0|Any CPU.Build.0 = Release
		{1D13A546-F1E1-49D6-A255-DC8518C60F43}.Release 4.0|x64.ActiveCfg = Release
		{1D13A546-F1E1-49D6-A255-DC8518C60F43}.Release 4.0|x64.Build.0 = Release
		{1D13A546-F1E1-49D6-A255-DC8518C60F43}.Release 4.0|x86.ActiveCfg = Release
		{1D13A546-F1E1-49D6-A255-DC8518C60F43}.Release 4.0|x86.Build.0 = Release
		{1D13A546-F1E1-49D6-A255-DC8518C60F43}.Release 4.5|Any CPU.ActiveCfg = Release
		{1D13A546-F1E1-49D6-A255-DC8518C60F43}.Release 4.5|Any CPU.Build.0 = Release
		{1D13A546-F1E1-49D6-A255-DC8518C60F43}.Release 4.5|x64.ActiveCfg = Release
		{1D13A546-F1E1-49D6-A255-DC8518C60F43}.Release 4.5|x64.Build.0 = Release
		{1D13A546-F1E1-49D6-A255-DC8518C60F43}.Release 4.5|x86.ActiveCfg = Release
		{1D13A546-F1E1-49D6-A255-DC8518C60F43}.Release 4.5|x86.Build.0 = Release
		{1D13A546-F1E1-49D6-A255-DC8518C60F43}.Release 4.6.1|Any CPU.ActiveCfg = Release
		{1D13A546-F1E1-49D6-A255-DC8518C60F43}.Release 4.6.1|Any CPU.Build.0 = Release
		{1D13A546-F1E1-49D6-A255-DC8518C60F43}.Release 4.6.1|x64.ActiveCfg = Release
		{1D13A546-F1E1-49D6-A255-DC8518C60F43}.Release 4.6.1|x64.Build.0 = Release
		{1D13A546-F1E1-49D6-A255-DC8518C60F43}.Release 4.6.1|x86.ActiveCfg = Release
		{1D13A546-F1E1-49D6-A255-DC8518C60F43}.Release 4.6.1|x86.Build.0 = Release
		{1D13A546-F1E1-49D6-A255-DC8518C60F43}.Release|Any CPU.ActiveCfg = Release
		{1D13A546-F1E1-49D6-A255-DC8518C60F43}.Release|Any CPU.Build.0 = Release
		{1D13A546-F1E1-49D6-A255-DC8518C60F43}.Release|x64.ActiveCfg = Release
		{1D13A546-F1E1-49D6-A255-DC8518C60F43}.Release|x64.Build.0 = Release
		{1D13A546-F1E1-49D6-A255-DC8518C60F43}.Release|x86.ActiveCfg = Release
		{1D13A546-F1E1-49D6-A255-DC8518C60F43}.Release|x86.Build.0 = Release
		{DC50D873-ADE1-45CA-9F70-D310709EC32B}.Debug|Any CPU.ActiveCfg = Debug|Any CPU
		{DC50D873-ADE1-45CA-9F70-D310709EC32B}.Debug|Any CPU.Build.0 = Debug|Any CPU
		{DC50D873-ADE1-45CA-9F70-D310709EC32B}.Debug|x64.ActiveCfg = Debug|Any CPU
		{DC50D873-ADE1-45CA-9F70-D310709EC32B}.Debug|x64.Build.0 = Debug|Any CPU
		{DC50D873-ADE1-45CA-9F70-D310709EC32B}.Debug|x86.ActiveCfg = Debug|Any CPU
		{DC50D873-ADE1-45CA-9F70-D310709EC32B}.Debug|x86.Build.0 = Debug|Any CPU
		{DC50D873-ADE1-45CA-9F70-D310709EC32B}.Release 4.0|Any CPU.ActiveCfg = Release|Any CPU
		{DC50D873-ADE1-45CA-9F70-D310709EC32B}.Release 4.0|Any CPU.Build.0 = Release|Any CPU
		{DC50D873-ADE1-45CA-9F70-D310709EC32B}.Release 4.0|x64.ActiveCfg = Release|Any CPU
		{DC50D873-ADE1-45CA-9F70-D310709EC32B}.Release 4.0|x64.Build.0 = Release|Any CPU
		{DC50D873-ADE1-45CA-9F70-D310709EC32B}.Release 4.0|x86.ActiveCfg = Release|Any CPU
		{DC50D873-ADE1-45CA-9F70-D310709EC32B}.Release 4.0|x86.Build.0 = Release|Any CPU
		{DC50D873-ADE1-45CA-9F70-D310709EC32B}.Release 4.5|Any CPU.ActiveCfg = Release|Any CPU
		{DC50D873-ADE1-45CA-9F70-D310709EC32B}.Release 4.5|Any CPU.Build.0 = Release|Any CPU
		{DC50D873-ADE1-45CA-9F70-D310709EC32B}.Release 4.5|x64.ActiveCfg = Release|Any CPU
		{DC50D873-ADE1-45CA-9F70-D310709EC32B}.Release 4.5|x64.Build.0 = Release|Any CPU
		{DC50D873-ADE1-45CA-9F70-D310709EC32B}.Release 4.5|x86.ActiveCfg = Release|Any CPU
		{DC50D873-ADE1-45CA-9F70-D310709EC32B}.Release 4.5|x86.Build.0 = Release|Any CPU
		{DC50D873-ADE1-45CA-9F70-D310709EC32B}.Release 4.6.1|Any CPU.ActiveCfg = Release|Any CPU
		{DC50D873-ADE1-45CA-9F70-D310709EC32B}.Release 4.6.1|Any CPU.Build.0 = Release|Any CPU
		{DC50D873-ADE1-45CA-9F70-D310709EC32B}.Release 4.6.1|x64.ActiveCfg = Release|Any CPU
		{DC50D873-ADE1-45CA-9F70-D310709EC32B}.Release 4.6.1|x64.Build.0 = Release|Any CPU
		{DC50D873-ADE1-45CA-9F70-D310709EC32B}.Release 4.6.1|x86.ActiveCfg = Release|Any CPU
		{DC50D873-ADE1-45CA-9F70-D310709EC32B}.Release 4.6.1|x86.Build.0 = Release|Any CPU
		{DC50D873-ADE1-45CA-9F70-D310709EC32B}.Release|Any CPU.ActiveCfg = Release|Any CPU
		{DC50D873-ADE1-45CA-9F70-D310709EC32B}.Release|Any CPU.Build.0 = Release|Any CPU
		{DC50D873-ADE1-45CA-9F70-D310709EC32B}.Release|x64.ActiveCfg = Release|Any CPU
		{DC50D873-ADE1-45CA-9F70-D310709EC32B}.Release|x64.Build.0 = Release|Any CPU
		{DC50D873-ADE1-45CA-9F70-D310709EC32B}.Release|x86.ActiveCfg = Release|Any CPU
		{DC50D873-ADE1-45CA-9F70-D310709EC32B}.Release|x86.Build.0 = Release|Any CPU
		{558DC6A5-A076-4AB4-A001-AAC1A77D5D1C}.Debug|Any CPU.ActiveCfg = Debug|Any CPU
		{558DC6A5-A076-4AB4-A001-AAC1A77D5D1C}.Debug|Any CPU.Build.0 = Debug|Any CPU
		{558DC6A5-A076-4AB4-A001-AAC1A77D5D1C}.Debug|x64.ActiveCfg = Debug|Any CPU
		{558DC6A5-A076-4AB4-A001-AAC1A77D5D1C}.Debug|x64.Build.0 = Debug|Any CPU
		{558DC6A5-A076-4AB4-A001-AAC1A77D5D1C}.Debug|x86.ActiveCfg = Debug|Any CPU
		{558DC6A5-A076-4AB4-A001-AAC1A77D5D1C}.Debug|x86.Build.0 = Debug|Any CPU
		{558DC6A5-A076-4AB4-A001-AAC1A77D5D1C}.Release 4.0|Any CPU.ActiveCfg = Release|Any CPU
		{558DC6A5-A076-4AB4-A001-AAC1A77D5D1C}.Release 4.0|Any CPU.Build.0 = Release|Any CPU
		{558DC6A5-A076-4AB4-A001-AAC1A77D5D1C}.Release 4.0|x64.ActiveCfg = Release|Any CPU
		{558DC6A5-A076-4AB4-A001-AAC1A77D5D1C}.Release 4.0|x64.Build.0 = Release|Any CPU
		{558DC6A5-A076-4AB4-A001-AAC1A77D5D1C}.Release 4.0|x86.ActiveCfg = Release|Any CPU
		{558DC6A5-A076-4AB4-A001-AAC1A77D5D1C}.Release 4.0|x86.Build.0 = Release|Any CPU
		{558DC6A5-A076-4AB4-A001-AAC1A77D5D1C}.Release 4.5|Any CPU.ActiveCfg = Release|Any CPU
		{558DC6A5-A076-4AB4-A001-AAC1A77D5D1C}.Release 4.5|Any CPU.Build.0 = Release|Any CPU
		{558DC6A5-A076-4AB4-A001-AAC1A77D5D1C}.Release 4.5|x64.ActiveCfg = Release|Any CPU
		{558DC6A5-A076-4AB4-A001-AAC1A77D5D1C}.Release 4.5|x64.Build.0 = Release|Any CPU
		{558DC6A5-A076-4AB4-A001-AAC1A77D5D1C}.Release 4.5|x86.ActiveCfg = Release|Any CPU
		{558DC6A5-A076-4AB4-A001-AAC1A77D5D1C}.Release 4.5|x86.Build.0 = Release|Any CPU
		{558DC6A5-A076-4AB4-A001-AAC1A77D5D1C}.Release 4.6.1|Any CPU.ActiveCfg = Release|Any CPU
		{558DC6A5-A076-4AB4-A001-AAC1A77D5D1C}.Release 4.6.1|Any CPU.Build.0 = Release|Any CPU
		{558DC6A5-A076-4AB4-A001-AAC1A77D5D1C}.Release 4.6.1|x64.ActiveCfg = Release|Any CPU
		{558DC6A5-A076-4AB4-A001-AAC1A77D5D1C}.Release 4.6.1|x64.Build.0 = Release|Any CPU
		{558DC6A5-A076-4AB4-A001-AAC1A77D5D1C}.Release 4.6.1|x86.ActiveCfg = Release|Any CPU
		{558DC6A5-A076-4AB4-A001-AAC1A77D5D1C}.Release 4.6.1|x86.Build.0 = Release|Any CPU
		{558DC6A5-A076-4AB4-A001-AAC1A77D5D1C}.Release|Any CPU.ActiveCfg = Release|Any CPU
		{558DC6A5-A076-4AB4-A001-AAC1A77D5D1C}.Release|Any CPU.Build.0 = Release|Any CPU
		{558DC6A5-A076-4AB4-A001-AAC1A77D5D1C}.Release|x64.ActiveCfg = Release|Any CPU
		{558DC6A5-A076-4AB4-A001-AAC1A77D5D1C}.Release|x64.Build.0 = Release|Any CPU
		{558DC6A5-A076-4AB4-A001-AAC1A77D5D1C}.Release|x86.ActiveCfg = Release|Any CPU
		{558DC6A5-A076-4AB4-A001-AAC1A77D5D1C}.Release|x86.Build.0 = Release|Any CPU
		{69AC2A36-9A64-4F29-ADFE-3595248EABF8}.Debug|Any CPU.ActiveCfg = Debug|Any CPU
		{69AC2A36-9A64-4F29-ADFE-3595248EABF8}.Debug|Any CPU.Build.0 = Debug|Any CPU
		{69AC2A36-9A64-4F29-ADFE-3595248EABF8}.Debug|x64.ActiveCfg = Debug|Any CPU
		{69AC2A36-9A64-4F29-ADFE-3595248EABF8}.Debug|x64.Build.0 = Debug|Any CPU
		{69AC2A36-9A64-4F29-ADFE-3595248EABF8}.Debug|x86.ActiveCfg = Debug|Any CPU
		{69AC2A36-9A64-4F29-ADFE-3595248EABF8}.Debug|x86.Build.0 = Debug|Any CPU
		{69AC2A36-9A64-4F29-ADFE-3595248EABF8}.Release 4.0|Any CPU.ActiveCfg = Release|Any CPU
		{69AC2A36-9A64-4F29-ADFE-3595248EABF8}.Release 4.0|Any CPU.Build.0 = Release|Any CPU
		{69AC2A36-9A64-4F29-ADFE-3595248EABF8}.Release 4.0|x64.ActiveCfg = Release|Any CPU
		{69AC2A36-9A64-4F29-ADFE-3595248EABF8}.Release 4.0|x64.Build.0 = Release|Any CPU
		{69AC2A36-9A64-4F29-ADFE-3595248EABF8}.Release 4.0|x86.ActiveCfg = Release|Any CPU
		{69AC2A36-9A64-4F29-ADFE-3595248EABF8}.Release 4.0|x86.Build.0 = Release|Any CPU
		{69AC2A36-9A64-4F29-ADFE-3595248EABF8}.Release 4.5|Any CPU.ActiveCfg = Release|Any CPU
		{69AC2A36-9A64-4F29-ADFE-3595248EABF8}.Release 4.5|Any CPU.Build.0 = Release|Any CPU
		{69AC2A36-9A64-4F29-ADFE-3595248EABF8}.Release 4.5|x64.ActiveCfg = Release|Any CPU
		{69AC2A36-9A64-4F29-ADFE-3595248EABF8}.Release 4.5|x64.Build.0 = Release|Any CPU
		{69AC2A36-9A64-4F29-ADFE-3595248EABF8}.Release 4.5|x86.ActiveCfg = Release|Any CPU
		{69AC2A36-9A64-4F29-ADFE-3595248EABF8}.Release 4.5|x86.Build.0 = Release|Any CPU
		{69AC2A36-9A64-4F29-ADFE-3595248EABF8}.Release 4.6.1|Any CPU.ActiveCfg = Release|Any CPU
		{69AC2A36-9A64-4F29-ADFE-3595248EABF8}.Release 4.6.1|Any CPU.Build.0 = Release|Any CPU
		{69AC2A36-9A64-4F29-ADFE-3595248EABF8}.Release 4.6.1|x64.ActiveCfg = Release|Any CPU
		{69AC2A36-9A64-4F29-ADFE-3595248EABF8}.Release 4.6.1|x64.Build.0 = Release|Any CPU
		{69AC2A36-9A64-4F29-ADFE-3595248EABF8}.Release 4.6.1|x86.ActiveCfg = Release|Any CPU
		{69AC2A36-9A64-4F29-ADFE-3595248EABF8}.Release 4.6.1|x86.Build.0 = Release|Any CPU
		{69AC2A36-9A64-4F29-ADFE-3595248EABF8}.Release|Any CPU.ActiveCfg = Release|Any CPU
		{69AC2A36-9A64-4F29-ADFE-3595248EABF8}.Release|Any CPU.Build.0 = Release|Any CPU
		{69AC2A36-9A64-4F29-ADFE-3595248EABF8}.Release|x64.ActiveCfg = Release|Any CPU
		{69AC2A36-9A64-4F29-ADFE-3595248EABF8}.Release|x64.Build.0 = Release|Any CPU
		{69AC2A36-9A64-4F29-ADFE-3595248EABF8}.Release|x86.ActiveCfg = Release|Any CPU
		{69AC2A36-9A64-4F29-ADFE-3595248EABF8}.Release|x86.Build.0 = Release|Any CPU
		{72ADF709-4940-46A3-9121-1B7A7ABAA2C1}.Debug|Any CPU.ActiveCfg = Debug|Any CPU
		{72ADF709-4940-46A3-9121-1B7A7ABAA2C1}.Debug|Any CPU.Build.0 = Debug|Any CPU
		{72ADF709-4940-46A3-9121-1B7A7ABAA2C1}.Debug|x64.ActiveCfg = Debug|Any CPU
		{72ADF709-4940-46A3-9121-1B7A7ABAA2C1}.Debug|x64.Build.0 = Debug|Any CPU
		{72ADF709-4940-46A3-9121-1B7A7ABAA2C1}.Debug|x86.ActiveCfg = Debug|Any CPU
		{72ADF709-4940-46A3-9121-1B7A7ABAA2C1}.Debug|x86.Build.0 = Debug|Any CPU
		{72ADF709-4940-46A3-9121-1B7A7ABAA2C1}.Release 4.0|Any CPU.ActiveCfg = Release|Any CPU
		{72ADF709-4940-46A3-9121-1B7A7ABAA2C1}.Release 4.0|Any CPU.Build.0 = Release|Any CPU
		{72ADF709-4940-46A3-9121-1B7A7ABAA2C1}.Release 4.0|x64.ActiveCfg = Release|Any CPU
		{72ADF709-4940-46A3-9121-1B7A7ABAA2C1}.Release 4.0|x64.Build.0 = Release|Any CPU
		{72ADF709-4940-46A3-9121-1B7A7ABAA2C1}.Release 4.0|x86.ActiveCfg = Release|Any CPU
		{72ADF709-4940-46A3-9121-1B7A7ABAA2C1}.Release 4.0|x86.Build.0 = Release|Any CPU
		{72ADF709-4940-46A3-9121-1B7A7ABAA2C1}.Release 4.5|Any CPU.ActiveCfg = Release|Any CPU
		{72ADF709-4940-46A3-9121-1B7A7ABAA2C1}.Release 4.5|Any CPU.Build.0 = Release|Any CPU
		{72ADF709-4940-46A3-9121-1B7A7ABAA2C1}.Release 4.5|x64.ActiveCfg = Release|Any CPU
		{72ADF709-4940-46A3-9121-1B7A7ABAA2C1}.Release 4.5|x64.Build.0 = Release|Any CPU
		{72ADF709-4940-46A3-9121-1B7A7ABAA2C1}.Release 4.5|x86.ActiveCfg = Release|Any CPU
		{72ADF709-4940-46A3-9121-1B7A7ABAA2C1}.Release 4.5|x86.Build.0 = Release|Any CPU
		{72ADF709-4940-46A3-9121-1B7A7ABAA2C1}.Release 4.6.1|Any CPU.ActiveCfg = Release|Any CPU
		{72ADF709-4940-46A3-9121-1B7A7ABAA2C1}.Release 4.6.1|Any CPU.Build.0 = Release|Any CPU
		{72ADF709-4940-46A3-9121-1B7A7ABAA2C1}.Release 4.6.1|x64.ActiveCfg = Release|Any CPU
		{72ADF709-4940-46A3-9121-1B7A7ABAA2C1}.Release 4.6.1|x64.Build.0 = Release|Any CPU
		{72ADF709-4940-46A3-9121-1B7A7ABAA2C1}.Release 4.6.1|x86.ActiveCfg = Release|Any CPU
		{72ADF709-4940-46A3-9121-1B7A7ABAA2C1}.Release 4.6.1|x86.Build.0 = Release|Any CPU
		{72ADF709-4940-46A3-9121-1B7A7ABAA2C1}.Release|Any CPU.ActiveCfg = Release|Any CPU
		{72ADF709-4940-46A3-9121-1B7A7ABAA2C1}.Release|Any CPU.Build.0 = Release|Any CPU
		{72ADF709-4940-46A3-9121-1B7A7ABAA2C1}.Release|x64.ActiveCfg = Release|Any CPU
		{72ADF709-4940-46A3-9121-1B7A7ABAA2C1}.Release|x64.Build.0 = Release|Any CPU
		{72ADF709-4940-46A3-9121-1B7A7ABAA2C1}.Release|x86.ActiveCfg = Release|Any CPU
		{72ADF709-4940-46A3-9121-1B7A7ABAA2C1}.Release|x86.Build.0 = Release|Any CPU
		{6A75F5A4-114D-4763-BF18-C81ABC3D7FE5}.Debug|Any CPU.ActiveCfg = Debug|Any CPU
		{6A75F5A4-114D-4763-BF18-C81ABC3D7FE5}.Debug|Any CPU.Build.0 = Debug|Any CPU
		{6A75F5A4-114D-4763-BF18-C81ABC3D7FE5}.Debug|x64.ActiveCfg = Debug|Any CPU
		{6A75F5A4-114D-4763-BF18-C81ABC3D7FE5}.Debug|x64.Build.0 = Debug|Any CPU
		{6A75F5A4-114D-4763-BF18-C81ABC3D7FE5}.Debug|x86.ActiveCfg = Debug|Any CPU
		{6A75F5A4-114D-4763-BF18-C81ABC3D7FE5}.Debug|x86.Build.0 = Debug|Any CPU
		{6A75F5A4-114D-4763-BF18-C81ABC3D7FE5}.Release 4.0|Any CPU.ActiveCfg = Release|Any CPU
		{6A75F5A4-114D-4763-BF18-C81ABC3D7FE5}.Release 4.0|Any CPU.Build.0 = Release|Any CPU
		{6A75F5A4-114D-4763-BF18-C81ABC3D7FE5}.Release 4.0|x64.ActiveCfg = Release|Any CPU
		{6A75F5A4-114D-4763-BF18-C81ABC3D7FE5}.Release 4.0|x64.Build.0 = Release|Any CPU
		{6A75F5A4-114D-4763-BF18-C81ABC3D7FE5}.Release 4.0|x86.ActiveCfg = Release|Any CPU
		{6A75F5A4-114D-4763-BF18-C81ABC3D7FE5}.Release 4.0|x86.Build.0 = Release|Any CPU
		{6A75F5A4-114D-4763-BF18-C81ABC3D7FE5}.Release 4.5|Any CPU.ActiveCfg = Release|Any CPU
		{6A75F5A4-114D-4763-BF18-C81ABC3D7FE5}.Release 4.5|Any CPU.Build.0 = Release|Any CPU
		{6A75F5A4-114D-4763-BF18-C81ABC3D7FE5}.Release 4.5|x64.ActiveCfg = Release|Any CPU
		{6A75F5A4-114D-4763-BF18-C81ABC3D7FE5}.Release 4.5|x64.Build.0 = Release|Any CPU
		{6A75F5A4-114D-4763-BF18-C81ABC3D7FE5}.Release 4.5|x86.ActiveCfg = Release|Any CPU
		{6A75F5A4-114D-4763-BF18-C81ABC3D7FE5}.Release 4.5|x86.Build.0 = Release|Any CPU
		{6A75F5A4-114D-4763-BF18-C81ABC3D7FE5}.Release 4.6.1|Any CPU.ActiveCfg = Release|Any CPU
		{6A75F5A4-114D-4763-BF18-C81ABC3D7FE5}.Release 4.6.1|Any CPU.Build.0 = Release|Any CPU
		{6A75F5A4-114D-4763-BF18-C81ABC3D7FE5}.Release 4.6.1|x64.ActiveCfg = Release|Any CPU
		{6A75F5A4-114D-4763-BF18-C81ABC3D7FE5}.Release 4.6.1|x64.Build.0 = Release|Any CPU
		{6A75F5A4-114D-4763-BF18-C81ABC3D7FE5}.Release 4.6.1|x86.ActiveCfg = Release|Any CPU
		{6A75F5A4-114D-4763-BF18-C81ABC3D7FE5}.Release 4.6.1|x86.Build.0 = Release|Any CPU
		{6A75F5A4-114D-4763-BF18-C81ABC3D7FE5}.Release|Any CPU.ActiveCfg = Release|Any CPU
		{6A75F5A4-114D-4763-BF18-C81ABC3D7FE5}.Release|Any CPU.Build.0 = Release|Any CPU
		{6A75F5A4-114D-4763-BF18-C81ABC3D7FE5}.Release|x64.ActiveCfg = Release|Any CPU
		{6A75F5A4-114D-4763-BF18-C81ABC3D7FE5}.Release|x64.Build.0 = Release|Any CPU
		{6A75F5A4-114D-4763-BF18-C81ABC3D7FE5}.Release|x86.ActiveCfg = Release|Any CPU
		{6A75F5A4-114D-4763-BF18-C81ABC3D7FE5}.Release|x86.Build.0 = Release|Any CPU
		{D5D8E076-E10B-45DF-B7DB-E229FD323687}.Debug|Any CPU.ActiveCfg = Debug|Any CPU
		{D5D8E076-E10B-45DF-B7DB-E229FD323687}.Debug|Any CPU.Build.0 = Debug|Any CPU
		{D5D8E076-E10B-45DF-B7DB-E229FD323687}.Debug|x64.ActiveCfg = Debug|Any CPU
		{D5D8E076-E10B-45DF-B7DB-E229FD323687}.Debug|x64.Build.0 = Debug|Any CPU
		{D5D8E076-E10B-45DF-B7DB-E229FD323687}.Debug|x86.ActiveCfg = Debug|Any CPU
		{D5D8E076-E10B-45DF-B7DB-E229FD323687}.Debug|x86.Build.0 = Debug|Any CPU
		{D5D8E076-E10B-45DF-B7DB-E229FD323687}.Release 4.0|Any CPU.ActiveCfg = Release|Any CPU
		{D5D8E076-E10B-45DF-B7DB-E229FD323687}.Release 4.0|Any CPU.Build.0 = Release|Any CPU
		{D5D8E076-E10B-45DF-B7DB-E229FD323687}.Release 4.0|x64.ActiveCfg = Release|Any CPU
		{D5D8E076-E10B-45DF-B7DB-E229FD323687}.Release 4.0|x64.Build.0 = Release|Any CPU
		{D5D8E076-E10B-45DF-B7DB-E229FD323687}.Release 4.0|x86.ActiveCfg = Release|Any CPU
		{D5D8E076-E10B-45DF-B7DB-E229FD323687}.Release 4.0|x86.Build.0 = Release|Any CPU
		{D5D8E076-E10B-45DF-B7DB-E229FD323687}.Release 4.5|Any CPU.ActiveCfg = Release|Any CPU
		{D5D8E076-E10B-45DF-B7DB-E229FD323687}.Release 4.5|Any CPU.Build.0 = Release|Any CPU
		{D5D8E076-E10B-45DF-B7DB-E229FD323687}.Release 4.5|x64.ActiveCfg = Release|Any CPU
		{D5D8E076-E10B-45DF-B7DB-E229FD323687}.Release 4.5|x64.Build.0 = Release|Any CPU
		{D5D8E076-E10B-45DF-B7DB-E229FD323687}.Release 4.5|x86.ActiveCfg = Release|Any CPU
		{D5D8E076-E10B-45DF-B7DB-E229FD323687}.Release 4.5|x86.Build.0 = Release|Any CPU
		{D5D8E076-E10B-45DF-B7DB-E229FD323687}.Release 4.6.1|Any CPU.ActiveCfg = Release|Any CPU
		{D5D8E076-E10B-45DF-B7DB-E229FD323687}.Release 4.6.1|Any CPU.Build.0 = Release|Any CPU
		{D5D8E076-E10B-45DF-B7DB-E229FD323687}.Release 4.6.1|x64.ActiveCfg = Release|Any CPU
		{D5D8E076-E10B-45DF-B7DB-E229FD323687}.Release 4.6.1|x64.Build.0 = Release|Any CPU
		{D5D8E076-E10B-45DF-B7DB-E229FD323687}.Release 4.6.1|x86.ActiveCfg = Release|Any CPU
		{D5D8E076-E10B-45DF-B7DB-E229FD323687}.Release 4.6.1|x86.Build.0 = Release|Any CPU
		{D5D8E076-E10B-45DF-B7DB-E229FD323687}.Release|Any CPU.ActiveCfg = Release|Any CPU
		{D5D8E076-E10B-45DF-B7DB-E229FD323687}.Release|Any CPU.Build.0 = Release|Any CPU
		{D5D8E076-E10B-45DF-B7DB-E229FD323687}.Release|x64.ActiveCfg = Release|Any CPU
		{D5D8E076-E10B-45DF-B7DB-E229FD323687}.Release|x64.Build.0 = Release|Any CPU
		{D5D8E076-E10B-45DF-B7DB-E229FD323687}.Release|x86.ActiveCfg = Release|Any CPU
		{D5D8E076-E10B-45DF-B7DB-E229FD323687}.Release|x86.Build.0 = Release|Any CPU
		{9079B332-6E6E-412C-9153-895A4DB989D3}.Debug|Any CPU.ActiveCfg = Debug|Any CPU
		{9079B332-6E6E-412C-9153-895A4DB989D3}.Debug|Any CPU.Build.0 = Debug|Any CPU
		{9079B332-6E6E-412C-9153-895A4DB989D3}.Debug|x64.ActiveCfg = Debug|Any CPU
		{9079B332-6E6E-412C-9153-895A4DB989D3}.Debug|x64.Build.0 = Debug|Any CPU
		{9079B332-6E6E-412C-9153-895A4DB989D3}.Debug|x86.ActiveCfg = Debug|Any CPU
		{9079B332-6E6E-412C-9153-895A4DB989D3}.Debug|x86.Build.0 = Debug|Any CPU
		{9079B332-6E6E-412C-9153-895A4DB989D3}.Release 4.0|Any CPU.ActiveCfg = Release|Any CPU
		{9079B332-6E6E-412C-9153-895A4DB989D3}.Release 4.0|Any CPU.Build.0 = Release|Any CPU
		{9079B332-6E6E-412C-9153-895A4DB989D3}.Release 4.0|x64.ActiveCfg = Release|Any CPU
		{9079B332-6E6E-412C-9153-895A4DB989D3}.Release 4.0|x64.Build.0 = Release|Any CPU
		{9079B332-6E6E-412C-9153-895A4DB989D3}.Release 4.0|x86.ActiveCfg = Release|Any CPU
		{9079B332-6E6E-412C-9153-895A4DB989D3}.Release 4.0|x86.Build.0 = Release|Any CPU
		{9079B332-6E6E-412C-9153-895A4DB989D3}.Release 4.5|Any CPU.ActiveCfg = Release|Any CPU
		{9079B332-6E6E-412C-9153-895A4DB989D3}.Release 4.5|Any CPU.Build.0 = Release|Any CPU
		{9079B332-6E6E-412C-9153-895A4DB989D3}.Release 4.5|x64.ActiveCfg = Release|Any CPU
		{9079B332-6E6E-412C-9153-895A4DB989D3}.Release 4.5|x64.Build.0 = Release|Any CPU
		{9079B332-6E6E-412C-9153-895A4DB989D3}.Release 4.5|x86.ActiveCfg = Release|Any CPU
		{9079B332-6E6E-412C-9153-895A4DB989D3}.Release 4.5|x86.Build.0 = Release|Any CPU
		{9079B332-6E6E-412C-9153-895A4DB989D3}.Release 4.6.1|Any CPU.ActiveCfg = Release|Any CPU
		{9079B332-6E6E-412C-9153-895A4DB989D3}.Release 4.6.1|Any CPU.Build.0 = Release|Any CPU
		{9079B332-6E6E-412C-9153-895A4DB989D3}.Release 4.6.1|x64.ActiveCfg = Release|Any CPU
		{9079B332-6E6E-412C-9153-895A4DB989D3}.Release 4.6.1|x64.Build.0 = Release|Any CPU
		{9079B332-6E6E-412C-9153-895A4DB989D3}.Release 4.6.1|x86.ActiveCfg = Release|Any CPU
		{9079B332-6E6E-412C-9153-895A4DB989D3}.Release 4.6.1|x86.Build.0 = Release|Any CPU
		{9079B332-6E6E-412C-9153-895A4DB989D3}.Release|Any CPU.ActiveCfg = Release|Any CPU
		{9079B332-6E6E-412C-9153-895A4DB989D3}.Release|Any CPU.Build.0 = Release|Any CPU
		{9079B332-6E6E-412C-9153-895A4DB989D3}.Release|x64.ActiveCfg = Release|Any CPU
		{9079B332-6E6E-412C-9153-895A4DB989D3}.Release|x64.Build.0 = Release|Any CPU
		{9079B332-6E6E-412C-9153-895A4DB989D3}.Release|x86.ActiveCfg = Release|Any CPU
		{9079B332-6E6E-412C-9153-895A4DB989D3}.Release|x86.Build.0 = Release|Any CPU
	EndGlobalSection
	GlobalSection(SolutionProperties) = preSolution
		HideSolutionNode = FALSE
	EndGlobalSection
	GlobalSection(ExtensibilityGlobals) = postSolution
		SolutionGuid = {09FE398C-BC90-4170-8477-3720A9E4F22F}
	EndGlobalSection
EndGlobal
